%{"certifi": {:hex, :certifi, "1.2.1", "c3904f192bd5284e5b13f20db3ceac9626e14eeacfbb492e19583cf0e37b22be", [], [], "hexpm"},
  "commanded": {:hex, :commanded, "0.13.0", "cf21998c19eaaa38e2f25216d2fd9889f659e4efb05fea15c5f36688d4e4bf77", [], [{:poison, "~> 3.1", [hex: :poison, repo: "hexpm", optional: false]}, {:uuid, "~> 1.1", [hex: :uuid, repo: "hexpm", optional: false]}], "hexpm"},
  "commanded_extreme_adapter": {:hex, :commanded_extreme_adapter, "0.2.0", "5ac5f8d7995906d661bac4aa08b1924cd33a179f9852f747d7a50efbc5c39f94", [], [{:commanded, "~> 0.10", [hex: :commanded, repo: "hexpm", optional: false]}, {:extreme, "~> 0.9.1", [hex: :extreme, repo: "hexpm", optional: false]}], "hexpm"},
  "dialyxir": {:hex, :dialyxir, "0.5.1", "b331b091720fd93e878137add264bac4f644e1ddae07a70bf7062c7862c4b952", [], [], "hexpm"},
  "distillery": {:hex, :distillery, "1.5.1", "7ad7354214959c0f65f57ddd49478c81c3b2733ca2e5ccfb9eb55351108466aa", [], [], "hexpm"},
  "exprotobuf": {:hex, :exprotobuf, "1.2.9", "f3cac1b0d0444da3c72cdfe80e394d721275dc80b1d7703ead9dad9267e93822", [], [{:gpb, "~> 3.24", [hex: :gpb, repo: "hexpm", optional: false]}], "hexpm"},
  "extreme": {:hex, :extreme, "0.9.2", "61ab7908930e9f5c701ceeba8af3640610465e6c6abbbe2f87a0d4ff97631e7d", [], [{:exprotobuf, "~> 1.2", [hex: :exprotobuf, repo: "hexpm", optional: false]}, {:httpoison, "~> 0.11.0", [hex: :httpoison, repo: "hexpm", optional: false]}, {:poison, "~> 2.2 or ~> 3.0", [hex: :poison, repo: "hexpm", optional: false]}, {:uuid, "~> 1.1.4", [hex: :uuid, repo: "hexpm", optional: false]}], "hexpm"},
  "gpb": {:hex, :gpb, "3.27.7", "08e5502d5c9964bb66f93f634fc284aa578834ac048a86b6e63803ae85c62b1f", [], [], "hexpm"},
  "hackney": {:hex, :hackney, "1.8.6", "21a725db3569b3fb11a6af17d5c5f654052ce9624219f1317e8639183de4a423", [], [{:certifi, "1.2.1", [hex: :certifi, repo: "hexpm", optional: false]}, {:idna, "5.0.2", [hex: :idna, repo: "hexpm", optional: false]}, {:metrics, "1.0.1", [hex: :metrics, repo: "hexpm", optional: false]}, {:mimerl, "1.0.2", [hex: :mimerl, repo: "hexpm", optional: false]}, {:ssl_verify_fun, "1.1.1", [hex: :ssl_verify_fun, repo: "hexpm", optional: false]}], "hexpm"},
  "httpoison": {:hex, :httpoison, "0.11.2", "9e59f17a473ef6948f63c51db07320477bad8ba88cf1df60a3eee01150306665", [], [{:hackney, "~> 1.8.0", [hex: :hackney, repo: "hexpm", optional: false]}], "hexpm"},
  "idna": {:hex, :idna, "5.0.2", "ac203208ada855d95dc591a764b6e87259cb0e2a364218f215ad662daa8cd6b4", [], [{:unicode_util_compat, "0.2.0", [hex: :unicode_util_compat, repo: "hexpm", optional: false]}], "hexpm"},
  "metrics": {:hex, :metrics, "1.0.1", "25f094dea2cda98213cecc3aeff09e940299d950904393b2a29d191c346a8486", [], [], "hexpm"},
  "mimerl": {:hex, :mimerl, "1.0.2", "993f9b0e084083405ed8252b99460c4f0563e41729ab42d9074fd5e52439be88", [], [], "hexpm"},
  "poison": {:hex, :poison, "3.1.0", "d9eb636610e096f86f25d9a46f35a9facac35609a7591b3be3326e99a0484665", [], [], "hexpm"},
  "ssl_verify_fun": {:hex, :ssl_verify_fun, "1.1.1", "28a4d65b7f59893bc2c7de786dec1e1555bd742d336043fe644ae956c3497fbe", [], [], "hexpm"},
  "unicode_util_compat": {:hex, :unicode_util_compat, "0.2.0", "dbbccf6781821b1c0701845eaf966c9b6d83d7c3bfc65ca2b78b88b8678bfa35", [], [], "hexpm"},
  "uuid": {:hex, :uuid, "1.1.7", "007afd58273bc0bc7f849c3bdc763e2f8124e83b957e515368c498b641f7ab69", [], [], "hexpm"}}
